
Microsoft Visual Studio Solution File, Format Version 12.00
# Visual Studio Version 17
VisualStudioVersion = 17.8.34330.188
MinimumVisualStudioVersion = 10.0.40219.1
Project("{8BC9CEB8-8B4A-11D0-8D11-00A0C91BC942}") = "PrintManager", "PrintManager\PrintManager.vcxproj", "{952228CA-A775-47C3-B6C5-6E25A6115FAA}"
EndProject
Project("{8BC9CEB8-8B4A-11D0-8D11-00A0C91BC942}") = "GhostHarness", "..\GhostHarness\GhostHarness.vcxproj", "{56B138CF-93E1-4831-91EC-5A0898E32723}"
EndProject
Global
	GlobalSection(SolutionConfigurationPlatforms) = preSolution
		Debug|x64 = Debug|x64
		Release|x64 = Release|x64
	EndGlobalSection
	GlobalSection(ProjectConfigurationPlatforms) = postSolution
		{952228CA-A775-47C3-B6C5-6E25A6115FAA}.Debug|x64.ActiveCfg = Debug|x64
		{952228CA-A775-47C3-B6C5-6E25A6115FAA}.Debug|x64.Build.0 = Debug|x64
		{952228CA-A775-47C3-B6C5-6E25A6115FAA}.Release|x64.ActiveCfg = Release|x64
		{952228CA-A775-47C3-B6C5-6E25A6115FAA}.Release|x64.Build.0 = Release|x64
		{56B138CF-93E1-4831-91EC-5A0898E32723}.Debug|x64.ActiveCfg = Debug|x64
		{56B138CF-93E1-4831-91EC-5A0898E32723}.Debug|x64.Build.0 = Debug|x64
		{56B138CF-93E1-4831-91EC-5A0898E32723}.Release|x64.ActiveCfg = Release|x64
		{56B138CF-93E1-4831-91EC-5A0898E32723}.Release|x64.Build.0 = Release|x64
	EndGlobalSection
	GlobalSection(SolutionProperties) = preSolution
		HideSolutionNode = FALSE
	EndGlobalSection
	GlobalSection(ExtensibilityGlobals) = postSolution
		SolutionGuid = {FC0E687F-7403-4D30-BA03-A4C40B6671B8}
	EndGlobalSection
EndGlobal
